// !$*UTF8*$!
{
	archiveVersion = 1;
	classes = {
	};
	objectVersion = 50;
	objects = {

/* Begin PBXBuildFile section */
		95D5BEAAFCD5253ABB2EE3B0 /* Pods_weather.framework in Frameworks */ = {isa = PBXBuildFile; fileRef = 4DEF8E9911323F601D19EBD2 /* Pods_weather.framework */; };
		BB9823A941D9A53280054754 /* Pods_weatherTests.framework in Frameworks */ = {isa = PBXBuildFile; fileRef = 6C2BD6E864537C4A0F656712 /* Pods_weatherTests.framework */; };
		F61E36C02436194C0093C5A9 /* CoordinatorProtocol.swift in Sources */ = {isa = PBXBuildFile; fileRef = F61E36BF2436194C0093C5A9 /* CoordinatorProtocol.swift */; };
		F623E71123F5C81700253DDE /* DetailDayViewModelTests.swift in Sources */ = {isa = PBXBuildFile; fileRef = F623E71023F5C81700253DDE /* DetailDayViewModelTests.swift */; };
		F638F2D9240FA5AF00A5F903 /* CityItem.swift in Sources */ = {isa = PBXBuildFile; fileRef = F638F2D8240FA5AF00A5F903 /* CityItem.swift */; };
		F63A723F246B3AEF00411034 /* CityListViewModelTests.swift in Sources */ = {isa = PBXBuildFile; fileRef = F6A0565124116B8300258A00 /* CityListViewModelTests.swift */; };
		F640DB2E2452DCD60009A999 /* WeatherList.swift in Sources */ = {isa = PBXBuildFile; fileRef = F640DB2D2452DCD60009A999 /* WeatherList.swift */; };
		F65A204323F2BEF9005FC65F /* Extension.swift in Sources */ = {isa = PBXBuildFile; fileRef = F65A204223F2BEF9005FC65F /* Extension.swift */; };
		F65A204623F2C730005FC65F /* DetailDayCollectionViewCell.swift in Sources */ = {isa = PBXBuildFile; fileRef = F65A204523F2C730005FC65F /* DetailDayCollectionViewCell.swift */; };
		F65A204823F2C743005FC65F /* DetailDayCollectionDataSource.swift in Sources */ = {isa = PBXBuildFile; fileRef = F65A204723F2C743005FC65F /* DetailDayCollectionDataSource.swift */; };
		F65A204A23F31A05005FC65F /* DetailDayTableViewCell.swift in Sources */ = {isa = PBXBuildFile; fileRef = F65A204923F31A05005FC65F /* DetailDayTableViewCell.swift */; };
		F65A204C23F31A67005FC65F /* DetailDayTableViewDataSource.swift in Sources */ = {isa = PBXBuildFile; fileRef = F65A204B23F31A67005FC65F /* DetailDayTableViewDataSource.swift */; };
		F65D75EC243E144B0007939A /* MapKit.framework in Frameworks */ = {isa = PBXBuildFile; fileRef = F65D75EB243E144B0007939A /* MapKit.framework */; };
		F660724E24548A0C00932568 /* WeatherListItem.swift in Sources */ = {isa = PBXBuildFile; fileRef = F660724D24548A0C00932568 /* WeatherListItem.swift */; };
		F6610CEE243C7F6F00032D4A /* MapCoordinator.swift in Sources */ = {isa = PBXBuildFile; fileRef = F6610CED243C7F6F00032D4A /* MapCoordinator.swift */; };
		F665DA16240D7C28000BBA59 /* CityListViewModel.swift in Sources */ = {isa = PBXBuildFile; fileRef = F665DA15240D7C28000BBA59 /* CityListViewModel.swift */; };
		F665DA18240D7D23000BBA59 /* CityListViewController.swift in Sources */ = {isa = PBXBuildFile; fileRef = F665DA17240D7D23000BBA59 /* CityListViewController.swift */; };
		F665DA1A240D7E91000BBA59 /* CityListDataSource.swift in Sources */ = {isa = PBXBuildFile; fileRef = F665DA19240D7E90000BBA59 /* CityListDataSource.swift */; };
		F665DA1C240D7FE2000BBA59 /* CityListTableViewCell.swift in Sources */ = {isa = PBXBuildFile; fileRef = F665DA1B240D7FE2000BBA59 /* CityListTableViewCell.swift */; };
		F666AAF9257E86AA00B56566 /* sky-cloud-sunny.mp4 in Resources */ = {isa = PBXBuildFile; fileRef = F666AAF8257E86AA00B56566 /* sky-cloud-sunny.mp4 */; };
		F671814523F0AFA500D1ADB7 /* DetailDayViewModel.swift in Sources */ = {isa = PBXBuildFile; fileRef = F671814423F0AFA500D1ADB7 /* DetailDayViewModel.swift */; };
		F671814723F0B01200D1ADB7 /* DetailDayViewController.swift in Sources */ = {isa = PBXBuildFile; fileRef = F671814623F0B01200D1ADB7 /* DetailDayViewController.swift */; };
		F671814923F1498E00D1ADB7 /* CoreDataStack.swift in Sources */ = {isa = PBXBuildFile; fileRef = F671814823F1498E00D1ADB7 /* CoreDataStack.swift */; };
		F6984BF7243F10E80022C158 /* PointAnnotation.swift in Sources */ = {isa = PBXBuildFile; fileRef = F6984BF6243F10E80022C158 /* PointAnnotation.swift */; };
		F6984BF9243F64220022C158 /* Location.swift in Sources */ = {isa = PBXBuildFile; fileRef = F6984BF8243F64220022C158 /* Location.swift */; };
		F69DFAC023F44AED00B2F66F /* WeekViewModelTests.swift in Sources */ = {isa = PBXBuildFile; fileRef = F69DFABF23F44AED00B2F66F /* WeekViewModelTests.swift */; };
		F6A056542411706F00258A00 /* MockWeatherRepository.swift in Sources */ = {isa = PBXBuildFile; fileRef = F6A056532411706F00258A00 /* MockWeatherRepository.swift */; };
		F6A074022487A0C800050B4D /* StoreKIt.swift in Sources */ = {isa = PBXBuildFile; fileRef = F6A074012487A0C800050B4D /* StoreKIt.swift */; };
		F6A074062487D3FC00050B4D /* UserLocation.swift in Sources */ = {isa = PBXBuildFile; fileRef = F6A074052487D3FC00050B4D /* UserLocation.swift */; };
		F6A0849824577A330018FC65 /* Weather.swift in Sources */ = {isa = PBXBuildFile; fileRef = F6A0849724577A330018FC65 /* Weather.swift */; };
		F6A2F85023ED77B600A34B0A /* WeatherCoordinator.swift in Sources */ = {isa = PBXBuildFile; fileRef = F6A2F84F23ED77B600A34B0A /* WeatherCoordinator.swift */; };
		F6A5DA7124878A18001A79CE /* city.list.json in Resources */ = {isa = PBXBuildFile; fileRef = F6A5DA7024878A17001A79CE /* city.list.json */; };
		F6A7CF0F23F3F4F300DE4D2E /* MapViewModel.swift in Sources */ = {isa = PBXBuildFile; fileRef = F6A7CF0E23F3F4F300DE4D2E /* MapViewModel.swift */; };
		F6A7CF1123F3F50000DE4D2E /* MapViewController.swift in Sources */ = {isa = PBXBuildFile; fileRef = F6A7CF1023F3F50000DE4D2E /* MapViewController.swift */; };
		F6A7CF1423F3F62300DE4D2E /* WeatherWeekItem.swift in Sources */ = {isa = PBXBuildFile; fileRef = F6A7CF1323F3F62300DE4D2E /* WeatherWeekItem.swift */; };
		F6C4531A23FD3797009A0940 /* README.md in Resources */ = {isa = PBXBuildFile; fileRef = F6C4531923FD3796009A0940 /* README.md */; };
		F6C541F6246D914000E08D8B /* CityData.swift in Sources */ = {isa = PBXBuildFile; fileRef = F6C541F5246D914000E08D8B /* CityData.swift */; };
		F6C541F8246D9B2E00E08D8B /* CitiesSearchTableViewCell.swift in Sources */ = {isa = PBXBuildFile; fileRef = F6C541F7246D9B2E00E08D8B /* CitiesSearchTableViewCell.swift */; };
		F6C541FA246D9B3F00E08D8B /* CitiesSearchDataSource.swift in Sources */ = {isa = PBXBuildFile; fileRef = F6C541F9246D9B3F00E08D8B /* CitiesSearchDataSource.swift */; };
		F6C98481245F648000047277 /* RepositoryTests.swift in Sources */ = {isa = PBXBuildFile; fileRef = F6C98480245F647F00047277 /* RepositoryTests.swift */; };
		F6D8070023ECB17500C53355 /* AppDelegate.swift in Sources */ = {isa = PBXBuildFile; fileRef = F6D806FF23ECB17500C53355 /* AppDelegate.swift */; };
		F6D8070723ECB17500C53355 /* Main.storyboard in Resources */ = {isa = PBXBuildFile; fileRef = F6D8070523ECB17500C53355 /* Main.storyboard */; };
		F6D8070A23ECB17500C53355 /* weather.xcdatamodeld in Sources */ = {isa = PBXBuildFile; fileRef = F6D8070823ECB17500C53355 /* weather.xcdatamodeld */; };
		F6D8070C23ECB17700C53355 /* Assets.xcassets in Resources */ = {isa = PBXBuildFile; fileRef = F6D8070B23ECB17700C53355 /* Assets.xcassets */; };
		F6D8070F23ECB17700C53355 /* LaunchScreen.storyboard in Resources */ = {isa = PBXBuildFile; fileRef = F6D8070D23ECB17700C53355 /* LaunchScreen.storyboard */; };
		F6D8072723ECB21700C53355 /* Context.swift in Sources */ = {isa = PBXBuildFile; fileRef = F6D8072623ECB21700C53355 /* Context.swift */; };
		F6D8072923ECB25800C53355 /* AppCoordinator.swift in Sources */ = {isa = PBXBuildFile; fileRef = F6D8072823ECB25800C53355 /* AppCoordinator.swift */; };
		F6D8072C23ECB28B00C53355 /* Screens.swift in Sources */ = {isa = PBXBuildFile; fileRef = F6D8072B23ECB28B00C53355 /* Screens.swift */; };
		F6D8073223ECB51800C53355 /* HTTPClient.swift in Sources */ = {isa = PBXBuildFile; fileRef = F6D8073123ECB51800C53355 /* HTTPClient.swift */; };
		F6D8073423ECB52300C53355 /* HTTPEngine.swift in Sources */ = {isa = PBXBuildFile; fileRef = F6D8073323ECB52300C53355 /* HTTPEngine.swift */; };
		F6D8073623ECB53700C53355 /* Token.swift in Sources */ = {isa = PBXBuildFile; fileRef = F6D8073523ECB53700C53355 /* Token.swift */; };
		F6D8073923ECB56300C53355 /* Alert.swift in Sources */ = {isa = PBXBuildFile; fileRef = F6D8073823ECB56300C53355 /* Alert.swift */; };
		F6D8073F23ECBBB100C53355 /* WeekViewController.swift in Sources */ = {isa = PBXBuildFile; fileRef = F6D8073E23ECBBB100C53355 /* WeekViewController.swift */; };
		F6D8074123ECBBC700C53355 /* WeekViewModel.swift in Sources */ = {isa = PBXBuildFile; fileRef = F6D8074023ECBBC700C53355 /* WeekViewModel.swift */; };
		F6D8074323ECBBE400C53355 /* WeatherRepository.swift in Sources */ = {isa = PBXBuildFile; fileRef = F6D8074223ECBBE400C53355 /* WeatherRepository.swift */; };
		F6D8074523ECBBEE00C53355 /* WeekDataSource.swift in Sources */ = {isa = PBXBuildFile; fileRef = F6D8074423ECBBEE00C53355 /* WeekDataSource.swift */; };
		F6D8074B23ED73C700C53355 /* WeeekTableViewCell.swift in Sources */ = {isa = PBXBuildFile; fileRef = F6D8074A23ED73C700C53355 /* WeeekTableViewCell.swift */; };
		F6DD30922461B2AD0021116F /* MockHTTPClient.swift in Sources */ = {isa = PBXBuildFile; fileRef = F6DD30902461B2A00021116F /* MockHTTPClient.swift */; };
/* End PBXBuildFile section */

/* Begin PBXContainerItemProxy section */
		F6D8071623ECB17700C53355 /* PBXContainerItemProxy */ = {
			isa = PBXContainerItemProxy;
			containerPortal = F6D806F423ECB17500C53355 /* Project object */;
			proxyType = 1;
			remoteGlobalIDString = F6D806FB23ECB17500C53355;
			remoteInfo = weather;
		};
/* End PBXContainerItemProxy section */

/* Begin PBXFileReference section */
		21F83860AD9C501F619E39C7 /* Pods-weatherTests.debug.xcconfig */ = {isa = PBXFileReference; includeInIndex = 1; lastKnownFileType = text.xcconfig; name = "Pods-weatherTests.debug.xcconfig"; path = "Target Support Files/Pods-weatherTests/Pods-weatherTests.debug.xcconfig"; sourceTree = "<group>"; };
		3425F63E0C5940E80EF32E43 /* Pods-weatherTests.release.xcconfig */ = {isa = PBXFileReference; includeInIndex = 1; lastKnownFileType = text.xcconfig; name = "Pods-weatherTests.release.xcconfig"; path = "Target Support Files/Pods-weatherTests/Pods-weatherTests.release.xcconfig"; sourceTree = "<group>"; };
		4DEF8E9911323F601D19EBD2 /* Pods_weather.framework */ = {isa = PBXFileReference; explicitFileType = wrapper.framework; includeInIndex = 0; path = Pods_weather.framework; sourceTree = BUILT_PRODUCTS_DIR; };
		6C2BD6E864537C4A0F656712 /* Pods_weatherTests.framework */ = {isa = PBXFileReference; explicitFileType = wrapper.framework; includeInIndex = 0; path = Pods_weatherTests.framework; sourceTree = BUILT_PRODUCTS_DIR; };
		71D40C0BF91193103490BC6B /* Pods_weather_weatherUITests.framework */ = {isa = PBXFileReference; explicitFileType = wrapper.framework; includeInIndex = 0; path = Pods_weather_weatherUITests.framework; sourceTree = BUILT_PRODUCTS_DIR; };
		8C8A914FFC86E549AB4402F8 /* Pods-weather-weatherUITests.debug.xcconfig */ = {isa = PBXFileReference; includeInIndex = 1; lastKnownFileType = text.xcconfig; name = "Pods-weather-weatherUITests.debug.xcconfig"; path = "Target Support Files/Pods-weather-weatherUITests/Pods-weather-weatherUITests.debug.xcconfig"; sourceTree = "<group>"; };
		A02478A351AF9DADE5C0A9C3 /* Pods-weather-weatherUITests.release.xcconfig */ = {isa = PBXFileReference; includeInIndex = 1; lastKnownFileType = text.xcconfig; name = "Pods-weather-weatherUITests.release.xcconfig"; path = "Target Support Files/Pods-weather-weatherUITests/Pods-weather-weatherUITests.release.xcconfig"; sourceTree = "<group>"; };
		A08503B863BEBEE1C6A7C00C /* Pods-weather.release.xcconfig */ = {isa = PBXFileReference; includeInIndex = 1; lastKnownFileType = text.xcconfig; name = "Pods-weather.release.xcconfig"; path = "Target Support Files/Pods-weather/Pods-weather.release.xcconfig"; sourceTree = "<group>"; };
		F2CF06BAFF4431B6FE8B910C /* Pods-weather.debug.xcconfig */ = {isa = PBXFileReference; includeInIndex = 1; lastKnownFileType = text.xcconfig; name = "Pods-weather.debug.xcconfig"; path = "Target Support Files/Pods-weather/Pods-weather.debug.xcconfig"; sourceTree = "<group>"; };
		F61E36BF2436194C0093C5A9 /* CoordinatorProtocol.swift */ = {isa = PBXFileReference; lastKnownFileType = sourcecode.swift; path = CoordinatorProtocol.swift; sourceTree = "<group>"; };
		F623E71023F5C81700253DDE /* DetailDayViewModelTests.swift */ = {isa = PBXFileReference; lastKnownFileType = sourcecode.swift; path = DetailDayViewModelTests.swift; sourceTree = "<group>"; };
		F638F2D8240FA5AF00A5F903 /* CityItem.swift */ = {isa = PBXFileReference; lastKnownFileType = sourcecode.swift; path = CityItem.swift; sourceTree = "<group>"; };
		F640DB2D2452DCD60009A999 /* WeatherList.swift */ = {isa = PBXFileReference; lastKnownFileType = sourcecode.swift; path = WeatherList.swift; sourceTree = "<group>"; };
		F65A204223F2BEF9005FC65F /* Extension.swift */ = {isa = PBXFileReference; lastKnownFileType = sourcecode.swift; path = Extension.swift; sourceTree = "<group>"; };
		F65A204523F2C730005FC65F /* DetailDayCollectionViewCell.swift */ = {isa = PBXFileReference; lastKnownFileType = sourcecode.swift; path = DetailDayCollectionViewCell.swift; sourceTree = "<group>"; };
		F65A204723F2C743005FC65F /* DetailDayCollectionDataSource.swift */ = {isa = PBXFileReference; lastKnownFileType = sourcecode.swift; path = DetailDayCollectionDataSource.swift; sourceTree = "<group>"; };
		F65A204923F31A05005FC65F /* DetailDayTableViewCell.swift */ = {isa = PBXFileReference; lastKnownFileType = sourcecode.swift; path = DetailDayTableViewCell.swift; sourceTree = "<group>"; };
		F65A204B23F31A67005FC65F /* DetailDayTableViewDataSource.swift */ = {isa = PBXFileReference; lastKnownFileType = sourcecode.swift; path = DetailDayTableViewDataSource.swift; sourceTree = "<group>"; };
		F65D75EB243E144B0007939A /* MapKit.framework */ = {isa = PBXFileReference; lastKnownFileType = wrapper.framework; name = MapKit.framework; path = System/Library/Frameworks/MapKit.framework; sourceTree = SDKROOT; };
		F660724D24548A0C00932568 /* WeatherListItem.swift */ = {isa = PBXFileReference; lastKnownFileType = sourcecode.swift; path = WeatherListItem.swift; sourceTree = "<group>"; };
		F6610CED243C7F6F00032D4A /* MapCoordinator.swift */ = {isa = PBXFileReference; lastKnownFileType = sourcecode.swift; path = MapCoordinator.swift; sourceTree = "<group>"; };
		F665DA15240D7C28000BBA59 /* CityListViewModel.swift */ = {isa = PBXFileReference; lastKnownFileType = sourcecode.swift; path = CityListViewModel.swift; sourceTree = "<group>"; };
		F665DA17240D7D23000BBA59 /* CityListViewController.swift */ = {isa = PBXFileReference; lastKnownFileType = sourcecode.swift; path = CityListViewController.swift; sourceTree = "<group>"; };
		F665DA19240D7E90000BBA59 /* CityListDataSource.swift */ = {isa = PBXFileReference; lastKnownFileType = sourcecode.swift; path = CityListDataSource.swift; sourceTree = "<group>"; };
		F665DA1B240D7FE2000BBA59 /* CityListTableViewCell.swift */ = {isa = PBXFileReference; lastKnownFileType = sourcecode.swift; path = CityListTableViewCell.swift; sourceTree = "<group>"; };
		F666AAF8257E86AA00B56566 /* sky-cloud-sunny.mp4 */ = {isa = PBXFileReference; lastKnownFileType = file; path = "sky-cloud-sunny.mp4"; sourceTree = "<group>"; };
		F671814423F0AFA500D1ADB7 /* DetailDayViewModel.swift */ = {isa = PBXFileReference; lastKnownFileType = sourcecode.swift; path = DetailDayViewModel.swift; sourceTree = "<group>"; };
		F671814623F0B01200D1ADB7 /* DetailDayViewController.swift */ = {isa = PBXFileReference; lastKnownFileType = sourcecode.swift; path = DetailDayViewController.swift; sourceTree = "<group>"; };
		F671814823F1498E00D1ADB7 /* CoreDataStack.swift */ = {isa = PBXFileReference; lastKnownFileType = sourcecode.swift; path = CoreDataStack.swift; sourceTree = "<group>"; };
		F6984BF6243F10E80022C158 /* PointAnnotation.swift */ = {isa = PBXFileReference; lastKnownFileType = sourcecode.swift; path = PointAnnotation.swift; sourceTree = "<group>"; };
		F6984BF8243F64220022C158 /* Location.swift */ = {isa = PBXFileReference; lastKnownFileType = sourcecode.swift; path = Location.swift; sourceTree = "<group>"; };
		F69DFABF23F44AED00B2F66F /* WeekViewModelTests.swift */ = {isa = PBXFileReference; lastKnownFileType = sourcecode.swift; path = WeekViewModelTests.swift; sourceTree = "<group>"; };
		F6A0565124116B8300258A00 /* CityListViewModelTests.swift */ = {isa = PBXFileReference; lastKnownFileType = sourcecode.swift; path = CityListViewModelTests.swift; sourceTree = "<group>"; };
		F6A056532411706F00258A00 /* MockWeatherRepository.swift */ = {isa = PBXFileReference; lastKnownFileType = sourcecode.swift; path = MockWeatherRepository.swift; sourceTree = "<group>"; };
		F6A074012487A0C800050B4D /* StoreKIt.swift */ = {isa = PBXFileReference; lastKnownFileType = sourcecode.swift; path = StoreKIt.swift; sourceTree = "<group>"; };
		F6A074052487D3FC00050B4D /* UserLocation.swift */ = {isa = PBXFileReference; lastKnownFileType = sourcecode.swift; path = UserLocation.swift; sourceTree = "<group>"; };
		F6A0849724577A330018FC65 /* Weather.swift */ = {isa = PBXFileReference; lastKnownFileType = sourcecode.swift; path = Weather.swift; sourceTree = "<group>"; };
		F6A2F84F23ED77B600A34B0A /* WeatherCoordinator.swift */ = {isa = PBXFileReference; lastKnownFileType = sourcecode.swift; path = WeatherCoordinator.swift; sourceTree = "<group>"; };
		F6A5DA7024878A17001A79CE /* city.list.json */ = {isa = PBXFileReference; fileEncoding = 4; lastKnownFileType = text.json; path = city.list.json; sourceTree = "<group>"; };
		F6A7CF0E23F3F4F300DE4D2E /* MapViewModel.swift */ = {isa = PBXFileReference; lastKnownFileType = sourcecode.swift; path = MapViewModel.swift; sourceTree = "<group>"; };
		F6A7CF1023F3F50000DE4D2E /* MapViewController.swift */ = {isa = PBXFileReference; lastKnownFileType = sourcecode.swift; path = MapViewController.swift; sourceTree = "<group>"; };
		F6A7CF1323F3F62300DE4D2E /* WeatherWeekItem.swift */ = {isa = PBXFileReference; lastKnownFileType = sourcecode.swift; path = WeatherWeekItem.swift; sourceTree = "<group>"; };
		F6C4531923FD3796009A0940 /* README.md */ = {isa = PBXFileReference; fileEncoding = 4; lastKnownFileType = net.daringfireball.markdown; path = README.md; sourceTree = SOURCE_ROOT; };
		F6C541F5246D914000E08D8B /* CityData.swift */ = {isa = PBXFileReference; lastKnownFileType = sourcecode.swift; path = CityData.swift; sourceTree = "<group>"; };
		F6C541F7246D9B2E00E08D8B /* CitiesSearchTableViewCell.swift */ = {isa = PBXFileReference; lastKnownFileType = sourcecode.swift; path = CitiesSearchTableViewCell.swift; sourceTree = "<group>"; };
		F6C541F9246D9B3F00E08D8B /* CitiesSearchDataSource.swift */ = {isa = PBXFileReference; lastKnownFileType = sourcecode.swift; path = CitiesSearchDataSource.swift; sourceTree = "<group>"; };
		F6C98480245F647F00047277 /* RepositoryTests.swift */ = {isa = PBXFileReference; lastKnownFileType = sourcecode.swift; path = RepositoryTests.swift; sourceTree = "<group>"; };
		F6D806FC23ECB17500C53355 /* SkyNow.app */ = {isa = PBXFileReference; explicitFileType = wrapper.application; includeInIndex = 0; path = SkyNow.app; sourceTree = BUILT_PRODUCTS_DIR; };
		F6D806FF23ECB17500C53355 /* AppDelegate.swift */ = {isa = PBXFileReference; lastKnownFileType = sourcecode.swift; path = AppDelegate.swift; sourceTree = "<group>"; };
		F6D8070623ECB17500C53355 /* Base */ = {isa = PBXFileReference; lastKnownFileType = file.storyboard; name = Base; path = Base.lproj/Main.storyboard; sourceTree = "<group>"; };
		F6D8070923ECB17500C53355 /* weather.xcdatamodel */ = {isa = PBXFileReference; lastKnownFileType = wrapper.xcdatamodel; path = weather.xcdatamodel; sourceTree = "<group>"; };
		F6D8070B23ECB17700C53355 /* Assets.xcassets */ = {isa = PBXFileReference; lastKnownFileType = folder.assetcatalog; path = Assets.xcassets; sourceTree = "<group>"; };
		F6D8070E23ECB17700C53355 /* Base */ = {isa = PBXFileReference; lastKnownFileType = file.storyboard; name = Base; path = Base.lproj/LaunchScreen.storyboard; sourceTree = "<group>"; };
		F6D8071023ECB17700C53355 /* Info.plist */ = {isa = PBXFileReference; lastKnownFileType = text.plist.xml; path = Info.plist; sourceTree = "<group>"; };
		F6D8071523ECB17700C53355 /* weatherTests.xctest */ = {isa = PBXFileReference; explicitFileType = wrapper.cfbundle; includeInIndex = 0; path = weatherTests.xctest; sourceTree = BUILT_PRODUCTS_DIR; };
		F6D8071B23ECB17700C53355 /* Info.plist */ = {isa = PBXFileReference; lastKnownFileType = text.plist.xml; path = Info.plist; sourceTree = "<group>"; };
		F6D8072623ECB21700C53355 /* Context.swift */ = {isa = PBXFileReference; lastKnownFileType = sourcecode.swift; path = Context.swift; sourceTree = "<group>"; };
		F6D8072823ECB25800C53355 /* AppCoordinator.swift */ = {isa = PBXFileReference; lastKnownFileType = sourcecode.swift; path = AppCoordinator.swift; sourceTree = "<group>"; };
		F6D8072B23ECB28B00C53355 /* Screens.swift */ = {isa = PBXFileReference; lastKnownFileType = sourcecode.swift; path = Screens.swift; sourceTree = "<group>"; };
		F6D8073123ECB51800C53355 /* HTTPClient.swift */ = {isa = PBXFileReference; lastKnownFileType = sourcecode.swift; path = HTTPClient.swift; sourceTree = "<group>"; };
		F6D8073323ECB52300C53355 /* HTTPEngine.swift */ = {isa = PBXFileReference; lastKnownFileType = sourcecode.swift; path = HTTPEngine.swift; sourceTree = "<group>"; };
		F6D8073523ECB53700C53355 /* Token.swift */ = {isa = PBXFileReference; lastKnownFileType = sourcecode.swift; path = Token.swift; sourceTree = "<group>"; };
		F6D8073823ECB56300C53355 /* Alert.swift */ = {isa = PBXFileReference; lastKnownFileType = sourcecode.swift; path = Alert.swift; sourceTree = "<group>"; };
		F6D8073E23ECBBB100C53355 /* WeekViewController.swift */ = {isa = PBXFileReference; lastKnownFileType = sourcecode.swift; path = WeekViewController.swift; sourceTree = "<group>"; };
		F6D8074023ECBBC700C53355 /* WeekViewModel.swift */ = {isa = PBXFileReference; lastKnownFileType = sourcecode.swift; path = WeekViewModel.swift; sourceTree = "<group>"; };
		F6D8074223ECBBE400C53355 /* WeatherRepository.swift */ = {isa = PBXFileReference; lastKnownFileType = sourcecode.swift; path = WeatherRepository.swift; sourceTree = "<group>"; };
		F6D8074423ECBBEE00C53355 /* WeekDataSource.swift */ = {isa = PBXFileReference; lastKnownFileType = sourcecode.swift; path = WeekDataSource.swift; sourceTree = "<group>"; };
		F6D8074A23ED73C700C53355 /* WeeekTableViewCell.swift */ = {isa = PBXFileReference; lastKnownFileType = sourcecode.swift; path = WeeekTableViewCell.swift; sourceTree = "<group>"; };
		F6DD30902461B2A00021116F /* MockHTTPClient.swift */ = {isa = PBXFileReference; lastKnownFileType = sourcecode.swift; path = MockHTTPClient.swift; sourceTree = "<group>"; };
/* End PBXFileReference section */

/* Begin PBXFrameworksBuildPhase section */
		F6D806F923ECB17500C53355 /* Frameworks */ = {
			isa = PBXFrameworksBuildPhase;
			buildActionMask = 2147483647;
			files = (
				F65D75EC243E144B0007939A /* MapKit.framework in Frameworks */,
				95D5BEAAFCD5253ABB2EE3B0 /* Pods_weather.framework in Frameworks */,
			);
			runOnlyForDeploymentPostprocessing = 0;
		};
		F6D8071223ECB17700C53355 /* Frameworks */ = {
			isa = PBXFrameworksBuildPhase;
			buildActionMask = 2147483647;
			files = (
				BB9823A941D9A53280054754 /* Pods_weatherTests.framework in Frameworks */,
			);
			runOnlyForDeploymentPostprocessing = 0;
		};
/* End PBXFrameworksBuildPhase section */

/* Begin PBXGroup section */
		118FA989DC55FD5B2E1FFCCF /* Frameworks */ = {
			isa = PBXGroup;
			children = (
				F65D75EB243E144B0007939A /* MapKit.framework */,
				4DEF8E9911323F601D19EBD2 /* Pods_weather.framework */,
				71D40C0BF91193103490BC6B /* Pods_weather_weatherUITests.framework */,
				6C2BD6E864537C4A0F656712 /* Pods_weatherTests.framework */,
			);
			name = Frameworks;
			sourceTree = "<group>";
		};
		CC7EDC0BEF22CF290C7F8DA6 /* Pods */ = {
			isa = PBXGroup;
			children = (
				F2CF06BAFF4431B6FE8B910C /* Pods-weather.debug.xcconfig */,
				A08503B863BEBEE1C6A7C00C /* Pods-weather.release.xcconfig */,
				8C8A914FFC86E549AB4402F8 /* Pods-weather-weatherUITests.debug.xcconfig */,
				A02478A351AF9DADE5C0A9C3 /* Pods-weather-weatherUITests.release.xcconfig */,
				21F83860AD9C501F619E39C7 /* Pods-weatherTests.debug.xcconfig */,
				3425F63E0C5940E80EF32E43 /* Pods-weatherTests.release.xcconfig */,
			);
			path = Pods;
			sourceTree = "<group>";
		};
		F623E70F23F5C7EE00253DDE /* DetailWeatherDay */ = {
			isa = PBXGroup;
			children = (
				F623E71023F5C81700253DDE /* DetailDayViewModelTests.swift */,
			);
			path = DetailWeatherDay;
			sourceTree = "<group>";
		};
		F638F2DA240FFBC800A5F903 /* Extension */ = {
			isa = PBXGroup;
			children = (
				F65A204223F2BEF9005FC65F /* Extension.swift */,
			);
			path = Extension;
			sourceTree = "<group>";
		};
		F638F2DB240FFBE400A5F903 /* Repository */ = {
			isa = PBXGroup;
			children = (
				F6D8074223ECBBE400C53355 /* WeatherRepository.swift */,
			);
			path = Repository;
			sourceTree = "<group>";
		};
		F639F3D22434900600B9DA32 /* Map */ = {
			isa = PBXGroup;
			children = (
				F6A7CF1023F3F50000DE4D2E /* MapViewController.swift */,
				F6A7CF0E23F3F4F300DE4D2E /* MapViewModel.swift */,
				F6984BF6243F10E80022C158 /* PointAnnotation.swift */,
			);
			path = Map;
			sourceTree = "<group>";
		};
		F65A204423F2C711005FC65F /* Cell */ = {
			isa = PBXGroup;
			children = (
				F65A204723F2C743005FC65F /* DetailDayCollectionDataSource.swift */,
				F65A204B23F31A67005FC65F /* DetailDayTableViewDataSource.swift */,
				F65A204523F2C730005FC65F /* DetailDayCollectionViewCell.swift */,
				F65A204923F31A05005FC65F /* DetailDayTableViewCell.swift */,
			);
			path = Cell;
			sourceTree = "<group>";
		};
		F6610CEF243C83FC00032D4A /* Map Module */ = {
			isa = PBXGroup;
			children = (
				F6984BFA243F64370022C158 /* Modele */,
				F639F3D22434900600B9DA32 /* Map */,
			);
			path = "Map Module";
			sourceTree = "<group>";
		};
		F665DA14240D7C14000BBA59 /* Select */ = {
			isa = PBXGroup;
			children = (
				F6A074012487A0C800050B4D /* StoreKIt.swift */,
				F665DA17240D7D23000BBA59 /* CityListViewController.swift */,
				F665DA15240D7C28000BBA59 /* CityListViewModel.swift */,
				F665DA1D240D7FFF000BBA59 /* Cell */,
			);
			path = Select;
			sourceTree = "<group>";
		};
		F665DA1D240D7FFF000BBA59 /* Cell */ = {
			isa = PBXGroup;
			children = (
				F665DA19240D7E90000BBA59 /* CityListDataSource.swift */,
				F665DA1B240D7FE2000BBA59 /* CityListTableViewCell.swift */,
				F6C541F7246D9B2E00E08D8B /* CitiesSearchTableViewCell.swift */,
				F6C541F9246D9B3F00E08D8B /* CitiesSearchDataSource.swift */,
			);
			path = Cell;
			sourceTree = "<group>";
		};
		F666AAF4257E732300B56566 /* Video */ = {
			isa = PBXGroup;
			children = (
				F666AAF8257E86AA00B56566 /* sky-cloud-sunny.mp4 */,
			);
			name = Video;
			path = "Vidéo";
			sourceTree = "<group>";
		};
		F66FB64E23F16BFE00749277 /* Weather Module  */ = {
			isa = PBXGroup;
			children = (
				F638F2DA240FFBC800A5F903 /* Extension */,
				F638F2DB240FFBE400A5F903 /* Repository */,
				F6D8072F23ECB4BB00C53355 /* Model */,
				F665DA14240D7C14000BBA59 /* Select */,
				F6D8072D23ECB45700C53355 /* Week */,
				F671814323F0AF5F00D1ADB7 /* DetailDay */,
			);
			path = "Weather Module ";
			sourceTree = "<group>";
		};
		F671814223F0AF4D00D1ADB7 /* App */ = {
			isa = PBXGroup;
			children = (
				F666AAF4257E732300B56566 /* Video */,
				F6D8073023ECB4EF00C53355 /* Network */,
				F6D8072A23ECB27500C53355 /* Navigation */,
				F6D8073723ECB54500C53355 /* Alert Presenter */,
				F66FB64E23F16BFE00749277 /* Weather Module  */,
				F6610CEF243C83FC00032D4A /* Map Module */,
			);
			path = App;
			sourceTree = "<group>";
		};
		F671814323F0AF5F00D1ADB7 /* DetailDay */ = {
			isa = PBXGroup;
			children = (
				F671814623F0B01200D1ADB7 /* DetailDayViewController.swift */,
				F671814423F0AFA500D1ADB7 /* DetailDayViewModel.swift */,
				F65A204423F2C711005FC65F /* Cell */,
			);
			path = DetailDay;
			sourceTree = "<group>";
		};
		F6984BFA243F64370022C158 /* Modele */ = {
			isa = PBXGroup;
			children = (
				F6984BF8243F64220022C158 /* Location.swift */,
			);
			path = Modele;
			sourceTree = "<group>";
		};
		F69DFABE23F44AAE00B2F66F /* Week */ = {
			isa = PBXGroup;
			children = (
				F69DFABF23F44AED00B2F66F /* WeekViewModelTests.swift */,
			);
			path = Week;
			sourceTree = "<group>";
		};
		F6A05650241169BA00258A00 /* CityList */ = {
			isa = PBXGroup;
			children = (
				F6A0565124116B8300258A00 /* CityListViewModelTests.swift */,
			);
			path = CityList;
			sourceTree = "<group>";
		};
		F6D806F323ECB17500C53355 = {
			isa = PBXGroup;
			children = (
				F6D806FE23ECB17500C53355 /* weather */,
				F6D8071823ECB17700C53355 /* weatherTests */,
				F6D806FD23ECB17500C53355 /* Products */,
				CC7EDC0BEF22CF290C7F8DA6 /* Pods */,
				118FA989DC55FD5B2E1FFCCF /* Frameworks */,
			);
			sourceTree = "<group>";
		};
		F6D806FD23ECB17500C53355 /* Products */ = {
			isa = PBXGroup;
			children = (
				F6D806FC23ECB17500C53355 /* SkyNow.app */,
				F6D8071523ECB17700C53355 /* weatherTests.xctest */,
			);
			name = Products;
			sourceTree = "<group>";
		};
		F6D806FE23ECB17500C53355 /* weather */ = {
			isa = PBXGroup;
			children = (
				F6C4531923FD3796009A0940 /* README.md */,
				F6D8072423ECB1EF00C53355 /* Sources */,
				F6D8072523ECB1F500C53355 /* Ressources */,
				F6D8070823ECB17500C53355 /* weather.xcdatamodeld */,
			);
			path = weather;
			sourceTree = "<group>";
		};
		F6D8071823ECB17700C53355 /* weatherTests */ = {
			isa = PBXGroup;
			children = (
				F6DD30942461B3C40021116F /* Repository */,
				F6DD30932461B2B00021116F /* Network */,
				F6A05650241169BA00258A00 /* CityList */,
				F69DFABE23F44AAE00B2F66F /* Week */,
				F623E70F23F5C7EE00253DDE /* DetailWeatherDay */,
				F6D8071B23ECB17700C53355 /* Info.plist */,
			);
			path = weatherTests;
			sourceTree = "<group>";
		};
		F6D8072423ECB1EF00C53355 /* Sources */ = {
			isa = PBXGroup;
			children = (
				F6D806FF23ECB17500C53355 /* AppDelegate.swift */,
				F6D8072623ECB21700C53355 /* Context.swift */,
				F671814823F1498E00D1ADB7 /* CoreDataStack.swift */,
				F6D8070523ECB17500C53355 /* Main.storyboard */,
				F671814223F0AF4D00D1ADB7 /* App */,
			);
			path = Sources;
			sourceTree = "<group>";
		};
		F6D8072523ECB1F500C53355 /* Ressources */ = {
			isa = PBXGroup;
			children = (
				F6D8070D23ECB17700C53355 /* LaunchScreen.storyboard */,
				F6D8070B23ECB17700C53355 /* Assets.xcassets */,
				F6D8071023ECB17700C53355 /* Info.plist */,
			);
			path = Ressources;
			sourceTree = "<group>";
		};
		F6D8072A23ECB27500C53355 /* Navigation */ = {
			isa = PBXGroup;
			children = (
				F6D8072823ECB25800C53355 /* AppCoordinator.swift */,
				F61E36BF2436194C0093C5A9 /* CoordinatorProtocol.swift */,
				F6D8072B23ECB28B00C53355 /* Screens.swift */,
				F6A2F84F23ED77B600A34B0A /* WeatherCoordinator.swift */,
				F6610CED243C7F6F00032D4A /* MapCoordinator.swift */,
			);
			path = Navigation;
			sourceTree = "<group>";
		};
		F6D8072D23ECB45700C53355 /* Week */ = {
			isa = PBXGroup;
			children = (
				F6D8073E23ECBBB100C53355 /* WeekViewController.swift */,
				F6D8074023ECBBC700C53355 /* WeekViewModel.swift */,
				F6D8072E23ECB4B100C53355 /* Cell */,
			);
			path = Week;
			sourceTree = "<group>";
		};
		F6D8072E23ECB4B100C53355 /* Cell */ = {
			isa = PBXGroup;
			children = (
				F6D8074423ECBBEE00C53355 /* WeekDataSource.swift */,
				F6D8074A23ED73C700C53355 /* WeeekTableViewCell.swift */,
			);
			path = Cell;
			sourceTree = "<group>";
		};
		F6D8072F23ECB4BB00C53355 /* Model */ = {
			isa = PBXGroup;
			children = (
				F6A5DA7024878A17001A79CE /* city.list.json */,
				F638F2D8240FA5AF00A5F903 /* CityItem.swift */,
				F660724D24548A0C00932568 /* WeatherListItem.swift */,
				F6A7CF1323F3F62300DE4D2E /* WeatherWeekItem.swift */,
				F640DB2D2452DCD60009A999 /* WeatherList.swift */,
				F6A0849724577A330018FC65 /* Weather.swift */,
				F6C541F5246D914000E08D8B /* CityData.swift */,
				F6A074052487D3FC00050B4D /* UserLocation.swift */,
			);
			path = Model;
			sourceTree = "<group>";
		};
		F6D8073023ECB4EF00C53355 /* Network */ = {
			isa = PBXGroup;
			children = (
				F6D8073323ECB52300C53355 /* HTTPEngine.swift */,
				F6D8073123ECB51800C53355 /* HTTPClient.swift */,
				F6D8073523ECB53700C53355 /* Token.swift */,
			);
			path = Network;
			sourceTree = "<group>";
		};
		F6D8073723ECB54500C53355 /* Alert Presenter */ = {
			isa = PBXGroup;
			children = (
				F6D8073823ECB56300C53355 /* Alert.swift */,
			);
			path = "Alert Presenter";
			sourceTree = "<group>";
		};
		F6DD30932461B2B00021116F /* Network */ = {
			isa = PBXGroup;
			children = (
				F6DD30902461B2A00021116F /* MockHTTPClient.swift */,
			);
			path = Network;
			sourceTree = "<group>";
		};
		F6DD30942461B3C40021116F /* Repository */ = {
			isa = PBXGroup;
			children = (
				F6C98480245F647F00047277 /* RepositoryTests.swift */,
				F6A056532411706F00258A00 /* MockWeatherRepository.swift */,
			);
			path = Repository;
			sourceTree = "<group>";
		};
/* End PBXGroup section */

/* Begin PBXNativeTarget section */
		F6D806FB23ECB17500C53355 /* weather */ = {
			isa = PBXNativeTarget;
			buildConfigurationList = F6D8071E23ECB17700C53355 /* Build configuration list for PBXNativeTarget "weather" */;
			buildPhases = (
				08F98339ACEFC6EC6BF69159 /* [CP] Check Pods Manifest.lock */,
				F65104EB23FD560D00D53556 /* ShellScript */,
				F6D806F823ECB17500C53355 /* Sources */,
				F6D806F923ECB17500C53355 /* Frameworks */,
				F6D806FA23ECB17500C53355 /* Resources */,
			);
			buildRules = (
			);
			dependencies = (
			);
			name = weather;
			productName = weather;
			productReference = F6D806FC23ECB17500C53355 /* SkyNow.app */;
			productType = "com.apple.product-type.application";
		};
		F6D8071423ECB17700C53355 /* weatherTests */ = {
			isa = PBXNativeTarget;
			buildConfigurationList = F6D8072123ECB17700C53355 /* Build configuration list for PBXNativeTarget "weatherTests" */;
			buildPhases = (
				E1143D031E04D9E99B1F3ECB /* [CP] Check Pods Manifest.lock */,
				F6D8071123ECB17700C53355 /* Sources */,
				F6D8071223ECB17700C53355 /* Frameworks */,
				F6D8071323ECB17700C53355 /* Resources */,
			);
			buildRules = (
			);
			dependencies = (
				F6D8071723ECB17700C53355 /* PBXTargetDependency */,
			);
			name = weatherTests;
			productName = weatherTests;
			productReference = F6D8071523ECB17700C53355 /* weatherTests.xctest */;
			productType = "com.apple.product-type.bundle.unit-test";
		};
/* End PBXNativeTarget section */

/* Begin PBXProject section */
		F6D806F423ECB17500C53355 /* Project object */ = {
			isa = PBXProject;
			attributes = {
				LastSwiftUpdateCheck = 1120;
				LastUpgradeCheck = 1120;
				ORGANIZATIONNAME = "Lauriane Haydari";
				TargetAttributes = {
					F6D806FB23ECB17500C53355 = {
						CreatedOnToolsVersion = 11.2;
					};
					F6D8071423ECB17700C53355 = {
						CreatedOnToolsVersion = 11.2;
						LastSwiftMigration = 1120;
						TestTargetID = F6D806FB23ECB17500C53355;
					};
				};
			};
			buildConfigurationList = F6D806F723ECB17500C53355 /* Build configuration list for PBXProject "weather" */;
			compatibilityVersion = "Xcode 9.3";
			developmentRegion = en;
			hasScannedForEncodings = 0;
			knownRegions = (
				en,
				Base,
			);
			mainGroup = F6D806F323ECB17500C53355;
			productRefGroup = F6D806FD23ECB17500C53355 /* Products */;
			projectDirPath = "";
			projectRoot = "";
			targets = (
				F6D806FB23ECB17500C53355 /* weather */,
				F6D8071423ECB17700C53355 /* weatherTests */,
			);
		};
/* End PBXProject section */

/* Begin PBXResourcesBuildPhase section */
		F6D806FA23ECB17500C53355 /* Resources */ = {
			isa = PBXResourcesBuildPhase;
			buildActionMask = 2147483647;
			files = (
				F6D8070F23ECB17700C53355 /* LaunchScreen.storyboard in Resources */,
				F6D8070C23ECB17700C53355 /* Assets.xcassets in Resources */,
				F6C4531A23FD3797009A0940 /* README.md in Resources */,
				F666AAF9257E86AA00B56566 /* sky-cloud-sunny.mp4 in Resources */,
				F6D8070723ECB17500C53355 /* Main.storyboard in Resources */,
				F6A5DA7124878A18001A79CE /* city.list.json in Resources */,
			);
			runOnlyForDeploymentPostprocessing = 0;
		};
		F6D8071323ECB17700C53355 /* Resources */ = {
			isa = PBXResourcesBuildPhase;
			buildActionMask = 2147483647;
			files = (
			);
			runOnlyForDeploymentPostprocessing = 0;
		};
/* End PBXResourcesBuildPhase section */

/* Begin PBXShellScriptBuildPhase section */
		08F98339ACEFC6EC6BF69159 /* [CP] Check Pods Manifest.lock */ = {
			isa = PBXShellScriptBuildPhase;
			buildActionMask = 2147483647;
			files = (
			);
			inputFileListPaths = (
			);
			inputPaths = (
				"${PODS_PODFILE_DIR_PATH}/Podfile.lock",
				"${PODS_ROOT}/Manifest.lock",
			);
			name = "[CP] Check Pods Manifest.lock";
			outputFileListPaths = (
			);
			outputPaths = (
				"$(DERIVED_FILE_DIR)/Pods-weather-checkManifestLockResult.txt",
			);
			runOnlyForDeploymentPostprocessing = 0;
			shellPath = /bin/sh;
			shellScript = "diff \"${PODS_PODFILE_DIR_PATH}/Podfile.lock\" \"${PODS_ROOT}/Manifest.lock\" > /dev/null\nif [ $? != 0 ] ; then\n    # print error to STDERR\n    echo \"error: The sandbox is not in sync with the Podfile.lock. Run 'pod install' or update your CocoaPods installation.\" >&2\n    exit 1\nfi\n# This output is used by Xcode 'outputs' to avoid re-running this script phase.\necho \"SUCCESS\" > \"${SCRIPT_OUTPUT_FILE_0}\"\n";
			showEnvVarsInLog = 0;
		};
		E1143D031E04D9E99B1F3ECB /* [CP] Check Pods Manifest.lock */ = {
			isa = PBXShellScriptBuildPhase;
			buildActionMask = 2147483647;
			files = (
			);
			inputFileListPaths = (
			);
			inputPaths = (
				"${PODS_PODFILE_DIR_PATH}/Podfile.lock",
				"${PODS_ROOT}/Manifest.lock",
			);
			name = "[CP] Check Pods Manifest.lock";
			outputFileListPaths = (
			);
			outputPaths = (
				"$(DERIVED_FILE_DIR)/Pods-weatherTests-checkManifestLockResult.txt",
			);
			runOnlyForDeploymentPostprocessing = 0;
			shellPath = /bin/sh;
			shellScript = "diff \"${PODS_PODFILE_DIR_PATH}/Podfile.lock\" \"${PODS_ROOT}/Manifest.lock\" > /dev/null\nif [ $? != 0 ] ; then\n    # print error to STDERR\n    echo \"error: The sandbox is not in sync with the Podfile.lock. Run 'pod install' or update your CocoaPods installation.\" >&2\n    exit 1\nfi\n# This output is used by Xcode 'outputs' to avoid re-running this script phase.\necho \"SUCCESS\" > \"${SCRIPT_OUTPUT_FILE_0}\"\n";
			showEnvVarsInLog = 0;
		};
		F65104EB23FD560D00D53556 /* ShellScript */ = {
			isa = PBXShellScriptBuildPhase;
			buildActionMask = 2147483647;
			files = (
			);
			inputFileListPaths = (
			);
			inputPaths = (
			);
			outputFileListPaths = (
			);
			outputPaths = (
			);
			runOnlyForDeploymentPostprocessing = 0;
			shellPath = /bin/sh;
			shellScript = "\"${PODS_ROOT}/SwiftLint/swiftlint\"\n";
		};
/* End PBXShellScriptBuildPhase section */

/* Begin PBXSourcesBuildPhase section */
		F6D806F823ECB17500C53355 /* Sources */ = {
			isa = PBXSourcesBuildPhase;
			buildActionMask = 2147483647;
			files = (
				F6D8074323ECBBE400C53355 /* WeatherRepository.swift in Sources */,
				F6D8073923ECB56300C53355 /* Alert.swift in Sources */,
				F65A204A23F31A05005FC65F /* DetailDayTableViewCell.swift in Sources */,
				F6D8074123ECBBC700C53355 /* WeekViewModel.swift in Sources */,
				F6D8074523ECBBEE00C53355 /* WeekDataSource.swift in Sources */,
				F65A204823F2C743005FC65F /* DetailDayCollectionDataSource.swift in Sources */,
				F6D8073423ECB52300C53355 /* HTTPEngine.swift in Sources */,
				F6D8072923ECB25800C53355 /* AppCoordinator.swift in Sources */,
				F65A204623F2C730005FC65F /* DetailDayCollectionViewCell.swift in Sources */,
				F6C541FA246D9B3F00E08D8B /* CitiesSearchDataSource.swift in Sources */,
				F6A7CF1423F3F62300DE4D2E /* WeatherWeekItem.swift in Sources */,
				F6D8074B23ED73C700C53355 /* WeeekTableViewCell.swift in Sources */,
				F65A204323F2BEF9005FC65F /* Extension.swift in Sources */,
				F665DA18240D7D23000BBA59 /* CityListViewController.swift in Sources */,
				F6A7CF0F23F3F4F300DE4D2E /* MapViewModel.swift in Sources */,
				F6D8072C23ECB28B00C53355 /* Screens.swift in Sources */,
				F6C541F6246D914000E08D8B /* CityData.swift in Sources */,
				F6A0849824577A330018FC65 /* Weather.swift in Sources */,
				F65A204C23F31A67005FC65F /* DetailDayTableViewDataSource.swift in Sources */,
				F61E36C02436194C0093C5A9 /* CoordinatorProtocol.swift in Sources */,
				F640DB2E2452DCD60009A999 /* WeatherList.swift in Sources */,
				F6D8073623ECB53700C53355 /* Token.swift in Sources */,
				F665DA1A240D7E91000BBA59 /* CityListDataSource.swift in Sources */,
				F6D8073223ECB51800C53355 /* HTTPClient.swift in Sources */,
				F665DA1C240D7FE2000BBA59 /* CityListTableViewCell.swift in Sources */,
				F6984BF9243F64220022C158 /* Location.swift in Sources */,
				F6D8070A23ECB17500C53355 /* weather.xcdatamodeld in Sources */,
				F6D8072723ECB21700C53355 /* Context.swift in Sources */,
				F6A7CF1123F3F50000DE4D2E /* MapViewController.swift in Sources */,
				F6A2F85023ED77B600A34B0A /* WeatherCoordinator.swift in Sources */,
				F671814923F1498E00D1ADB7 /* CoreDataStack.swift in Sources */,
				F6610CEE243C7F6F00032D4A /* MapCoordinator.swift in Sources */,
				F671814523F0AFA500D1ADB7 /* DetailDayViewModel.swift in Sources */,
				F660724E24548A0C00932568 /* WeatherListItem.swift in Sources */,
				F6984BF7243F10E80022C158 /* PointAnnotation.swift in Sources */,
				F638F2D9240FA5AF00A5F903 /* CityItem.swift in Sources */,
				F6A074022487A0C800050B4D /* StoreKIt.swift in Sources */,
				F6A074062487D3FC00050B4D /* UserLocation.swift in Sources */,
				F6D8070023ECB17500C53355 /* AppDelegate.swift in Sources */,
				F6C541F8246D9B2E00E08D8B /* CitiesSearchTableViewCell.swift in Sources */,
				F665DA16240D7C28000BBA59 /* CityListViewModel.swift in Sources */,
				F6D8073F23ECBBB100C53355 /* WeekViewController.swift in Sources */,
				F671814723F0B01200D1ADB7 /* DetailDayViewController.swift in Sources */,
			);
			runOnlyForDeploymentPostprocessing = 0;
		};
		F6D8071123ECB17700C53355 /* Sources */ = {
			isa = PBXSourcesBuildPhase;
			buildActionMask = 2147483647;
			files = (
				F6A056542411706F00258A00 /* MockWeatherRepository.swift in Sources */,
				F69DFAC023F44AED00B2F66F /* WeekViewModelTests.swift in Sources */,
				F6DD30922461B2AD0021116F /* MockHTTPClient.swift in Sources */,
				F63A723F246B3AEF00411034 /* CityListViewModelTests.swift in Sources */,
				F623E71123F5C81700253DDE /* DetailDayViewModelTests.swift in Sources */,
				F6C98481245F648000047277 /* RepositoryTests.swift in Sources */,
			);
			runOnlyForDeploymentPostprocessing = 0;
		};
/* End PBXSourcesBuildPhase section */

/* Begin PBXTargetDependency section */
		F6D8071723ECB17700C53355 /* PBXTargetDependency */ = {
			isa = PBXTargetDependency;
			target = F6D806FB23ECB17500C53355 /* weather */;
			targetProxy = F6D8071623ECB17700C53355 /* PBXContainerItemProxy */;
		};
/* End PBXTargetDependency section */

/* Begin PBXVariantGroup section */
		F6D8070523ECB17500C53355 /* Main.storyboard */ = {
			isa = PBXVariantGroup;
			children = (
				F6D8070623ECB17500C53355 /* Base */,
			);
			name = Main.storyboard;
			sourceTree = "<group>";
		};
		F6D8070D23ECB17700C53355 /* LaunchScreen.storyboard */ = {
			isa = PBXVariantGroup;
			children = (
				F6D8070E23ECB17700C53355 /* Base */,
			);
			name = LaunchScreen.storyboard;
			sourceTree = "<group>";
		};
/* End PBXVariantGroup section */

/* Begin XCBuildConfiguration section */
		F6D8071C23ECB17700C53355 /* Debug */ = {
			isa = XCBuildConfiguration;
			buildSettings = {
				ALWAYS_SEARCH_USER_PATHS = NO;
				CLANG_ANALYZER_NONNULL = YES;
				CLANG_ANALYZER_NUMBER_OBJECT_CONVERSION = YES_AGGRESSIVE;
				CLANG_CXX_LANGUAGE_STANDARD = "gnu++14";
				CLANG_CXX_LIBRARY = "libc++";
				CLANG_ENABLE_MODULES = YES;
				CLANG_ENABLE_OBJC_ARC = YES;
				CLANG_ENABLE_OBJC_WEAK = YES;
				CLANG_WARN_BLOCK_CAPTURE_AUTORELEASING = YES;
				CLANG_WARN_BOOL_CONVERSION = YES;
				CLANG_WARN_COMMA = YES;
				CLANG_WARN_CONSTANT_CONVERSION = YES;
				CLANG_WARN_DEPRECATED_OBJC_IMPLEMENTATIONS = YES;
				CLANG_WARN_DIRECT_OBJC_ISA_USAGE = YES_ERROR;
				CLANG_WARN_DOCUMENTATION_COMMENTS = YES;
				CLANG_WARN_EMPTY_BODY = YES;
				CLANG_WARN_ENUM_CONVERSION = YES;
				CLANG_WARN_INFINITE_RECURSION = YES;
				CLANG_WARN_INT_CONVERSION = YES;
				CLANG_WARN_NON_LITERAL_NULL_CONVERSION = YES;
				CLANG_WARN_OBJC_IMPLICIT_RETAIN_SELF = YES;
				CLANG_WARN_OBJC_LITERAL_CONVERSION = YES;
				CLANG_WARN_OBJC_ROOT_CLASS = YES_ERROR;
				CLANG_WARN_RANGE_LOOP_ANALYSIS = YES;
				CLANG_WARN_STRICT_PROTOTYPES = YES;
				CLANG_WARN_SUSPICIOUS_MOVE = YES;
				CLANG_WARN_UNGUARDED_AVAILABILITY = YES_AGGRESSIVE;
				CLANG_WARN_UNREACHABLE_CODE = YES;
				CLANG_WARN__DUPLICATE_METHOD_MATCH = YES;
				COPY_PHASE_STRIP = NO;
				DEBUG_INFORMATION_FORMAT = dwarf;
				ENABLE_STRICT_OBJC_MSGSEND = YES;
				ENABLE_TESTABILITY = YES;
				GCC_C_LANGUAGE_STANDARD = gnu11;
				GCC_DYNAMIC_NO_PIC = NO;
				GCC_NO_COMMON_BLOCKS = YES;
				GCC_OPTIMIZATION_LEVEL = 0;
				GCC_PREPROCESSOR_DEFINITIONS = (
					"DEBUG=1",
					"$(inherited)",
				);
				GCC_WARN_64_TO_32_BIT_CONVERSION = YES;
				GCC_WARN_ABOUT_RETURN_TYPE = YES_ERROR;
				GCC_WARN_UNDECLARED_SELECTOR = YES;
				GCC_WARN_UNINITIALIZED_AUTOS = YES_AGGRESSIVE;
				GCC_WARN_UNUSED_FUNCTION = YES;
				GCC_WARN_UNUSED_VARIABLE = YES;
				IPHONEOS_DEPLOYMENT_TARGET = 13.2;
				MTL_ENABLE_DEBUG_INFO = INCLUDE_SOURCE;
				MTL_FAST_MATH = YES;
				ONLY_ACTIVE_ARCH = YES;
				SDKROOT = iphoneos;
				SWIFT_ACTIVE_COMPILATION_CONDITIONS = DEBUG;
				SWIFT_OPTIMIZATION_LEVEL = "-Onone";
			};
			name = Debug;
		};
		F6D8071D23ECB17700C53355 /* Release */ = {
			isa = XCBuildConfiguration;
			buildSettings = {
				ALWAYS_SEARCH_USER_PATHS = NO;
				CLANG_ANALYZER_NONNULL = YES;
				CLANG_ANALYZER_NUMBER_OBJECT_CONVERSION = YES_AGGRESSIVE;
				CLANG_CXX_LANGUAGE_STANDARD = "gnu++14";
				CLANG_CXX_LIBRARY = "libc++";
				CLANG_ENABLE_MODULES = YES;
				CLANG_ENABLE_OBJC_ARC = YES;
				CLANG_ENABLE_OBJC_WEAK = YES;
				CLANG_WARN_BLOCK_CAPTURE_AUTORELEASING = YES;
				CLANG_WARN_BOOL_CONVERSION = YES;
				CLANG_WARN_COMMA = YES;
				CLANG_WARN_CONSTANT_CONVERSION = YES;
				CLANG_WARN_DEPRECATED_OBJC_IMPLEMENTATIONS = YES;
				CLANG_WARN_DIRECT_OBJC_ISA_USAGE = YES_ERROR;
				CLANG_WARN_DOCUMENTATION_COMMENTS = YES;
				CLANG_WARN_EMPTY_BODY = YES;
				CLANG_WARN_ENUM_CONVERSION = YES;
				CLANG_WARN_INFINITE_RECURSION = YES;
				CLANG_WARN_INT_CONVERSION = YES;
				CLANG_WARN_NON_LITERAL_NULL_CONVERSION = YES;
				CLANG_WARN_OBJC_IMPLICIT_RETAIN_SELF = YES;
				CLANG_WARN_OBJC_LITERAL_CONVERSION = YES;
				CLANG_WARN_OBJC_ROOT_CLASS = YES_ERROR;
				CLANG_WARN_RANGE_LOOP_ANALYSIS = YES;
				CLANG_WARN_STRICT_PROTOTYPES = YES;
				CLANG_WARN_SUSPICIOUS_MOVE = YES;
				CLANG_WARN_UNGUARDED_AVAILABILITY = YES_AGGRESSIVE;
				CLANG_WARN_UNREACHABLE_CODE = YES;
				CLANG_WARN__DUPLICATE_METHOD_MATCH = YES;
				COPY_PHASE_STRIP = NO;
				DEBUG_INFORMATION_FORMAT = "dwarf-with-dsym";
				ENABLE_NS_ASSERTIONS = NO;
				ENABLE_STRICT_OBJC_MSGSEND = YES;
				GCC_C_LANGUAGE_STANDARD = gnu11;
				GCC_NO_COMMON_BLOCKS = YES;
				GCC_WARN_64_TO_32_BIT_CONVERSION = YES;
				GCC_WARN_ABOUT_RETURN_TYPE = YES_ERROR;
				GCC_WARN_UNDECLARED_SELECTOR = YES;
				GCC_WARN_UNINITIALIZED_AUTOS = YES_AGGRESSIVE;
				GCC_WARN_UNUSED_FUNCTION = YES;
				GCC_WARN_UNUSED_VARIABLE = YES;
				IPHONEOS_DEPLOYMENT_TARGET = 13.2;
				MTL_ENABLE_DEBUG_INFO = NO;
				MTL_FAST_MATH = YES;
				SDKROOT = iphoneos;
				SWIFT_COMPILATION_MODE = wholemodule;
				SWIFT_OPTIMIZATION_LEVEL = "-O";
				VALIDATE_PRODUCT = YES;
			};
			name = Release;
		};
		F6D8071F23ECB17700C53355 /* Debug */ = {
			isa = XCBuildConfiguration;
			baseConfigurationReference = F2CF06BAFF4431B6FE8B910C /* Pods-weather.debug.xcconfig */;
			buildSettings = {
				ASSETCATALOG_COMPILER_APPICON_NAME = AppIcon;
				CODE_SIGN_IDENTITY = "Apple Development";
				CODE_SIGN_STYLE = Automatic;
				CURRENT_PROJECT_VERSION = 1.5.1;
				DEVELOPMENT_TEAM = 568UZNMWK9;
				INFOPLIST_FILE = weather/Ressources/Info.plist;
				LD_RUNPATH_SEARCH_PATHS = (
					"$(inherited)",
					"@executable_path/Frameworks",
				);
				MARKETING_VERSION = 1.5.1;
				PRODUCT_BUNDLE_IDENTIFIER = "-com.lauriane.haydari.weather";
				PRODUCT_NAME = SkyNow;
				PROVISIONING_PROFILE_SPECIFIER = "";
				SWIFT_VERSION = 5.0;
				TARGETED_DEVICE_FAMILY = "1,2";
			};
			name = Debug;
		};
		F6D8072023ECB17700C53355 /* Release */ = {
			isa = XCBuildConfiguration;
			baseConfigurationReference = A08503B863BEBEE1C6A7C00C /* Pods-weather.release.xcconfig */;
			buildSettings = {
				ASSETCATALOG_COMPILER_APPICON_NAME = AppIcon;
				CODE_SIGN_IDENTITY = "Apple Development";
				CODE_SIGN_STYLE = Automatic;
				CURRENT_PROJECT_VERSION = 1.5.1;
				DEVELOPMENT_TEAM = 568UZNMWK9;
				INFOPLIST_FILE = weather/Ressources/Info.plist;
				LD_RUNPATH_SEARCH_PATHS = (
					"$(inherited)",
					"@executable_path/Frameworks",
				);
				MARKETING_VERSION = 1.5.1;
				PRODUCT_BUNDLE_IDENTIFIER = com.lauriane.haydari.weather;
				PRODUCT_NAME = SkyNow;
				PROVISIONING_PROFILE_SPECIFIER = "";
				SWIFT_VERSION = 5.0;
				TARGETED_DEVICE_FAMILY = "1,2";
			};
			name = Release;
		};
		F6D8072223ECB17700C53355 /* Debug */ = {
			isa = XCBuildConfiguration;
			baseConfigurationReference = 21F83860AD9C501F619E39C7 /* Pods-weatherTests.debug.xcconfig */;
			buildSettings = {
				ALWAYS_EMBED_SWIFT_STANDARD_LIBRARIES = YES;
				BUNDLE_LOADER = "$(TEST_HOST)";
				CLANG_ENABLE_MODULES = YES;
				CODE_SIGN_STYLE = Automatic;
				DEVELOPMENT_TEAM = 568UZNMWK9;
				INFOPLIST_FILE = weatherTests/Info.plist;
				IPHONEOS_DEPLOYMENT_TARGET = 13.2;
				LD_RUNPATH_SEARCH_PATHS = (
					"$(inherited)",
					"@executable_path/Frameworks",
					"@loader_path/Frameworks",
				);
				PRODUCT_BUNDLE_IDENTIFIER = com.lauriane.haydari.weatherTests;
				PRODUCT_NAME = "$(TARGET_NAME)";
				SWIFT_OPTIMIZATION_LEVEL = "-Onone";
				SWIFT_VERSION = 5.0;
				TARGETED_DEVICE_FAMILY = "1,2";
				TEST_HOST = "$(BUILT_PRODUCTS_DIR)/SkyNow.app/SkyNow";
			};
			name = Debug;
		};
		F6D8072323ECB17700C53355 /* Release */ = {
			isa = XCBuildConfiguration;
			baseConfigurationReference = 3425F63E0C5940E80EF32E43 /* Pods-weatherTests.release.xcconfig */;
			buildSettings = {
				ALWAYS_EMBED_SWIFT_STANDARD_LIBRARIES = YES;
				BUNDLE_LOADER = "$(TEST_HOST)";
				CLANG_ENABLE_MODULES = YES;
				CODE_SIGN_STYLE = Automatic;
				DEVELOPMENT_TEAM = 568UZNMWK9;
				INFOPLIST_FILE = weatherTests/Info.plist;
				IPHONEOS_DEPLOYMENT_TARGET = 13.2;
				LD_RUNPATH_SEARCH_PATHS = (
					"$(inherited)",
					"@executable_path/Frameworks",
					"@loader_path/Frameworks",
				);
				PRODUCT_BUNDLE_IDENTIFIER = com.lauriane.haydari.weatherTests;
				PRODUCT_NAME = "$(TARGET_NAME)";
				SWIFT_VERSION = 5.0;
				TARGETED_DEVICE_FAMILY = "1,2";
				TEST_HOST = "$(BUILT_PRODUCTS_DIR)/SkyNow.app/SkyNow";
			};
			name = Release;
		};
/* End XCBuildConfiguration section */

/* Begin XCConfigurationList section */
		F6D806F723ECB17500C53355 /* Build configuration list for PBXProject "weather" */ = {
			isa = XCConfigurationList;
			buildConfigurations = (
				F6D8071C23ECB17700C53355 /* Debug */,
				F6D8071D23ECB17700C53355 /* Release */,
			);
			defaultConfigurationIsVisible = 0;
			defaultConfigurationName = Release;
		};
		F6D8071E23ECB17700C53355 /* Build configuration list for PBXNativeTarget "weather" */ = {
			isa = XCConfigurationList;
			buildConfigurations = (
				F6D8071F23ECB17700C53355 /* Debug */,
				F6D8072023ECB17700C53355 /* Release */,
			);
			defaultConfigurationIsVisible = 0;
			defaultConfigurationName = Release;
		};
		F6D8072123ECB17700C53355 /* Build configuration list for PBXNativeTarget "weatherTests" */ = {
			isa = XCConfigurationList;
			buildConfigurations = (
				F6D8072223ECB17700C53355 /* Debug */,
				F6D8072323ECB17700C53355 /* Release */,
			);
			defaultConfigurationIsVisible = 0;
			defaultConfigurationName = Release;
		};
/* End XCConfigurationList section */

/* Begin XCVersionGroup section */
		F6D8070823ECB17500C53355 /* weather.xcdatamodeld */ = {
			isa = XCVersionGroup;
			children = (
				F6D8070923ECB17500C53355 /* weather.xcdatamodel */,
			);
			currentVersion = F6D8070923ECB17500C53355 /* weather.xcdatamodel */;
			path = weather.xcdatamodeld;
			sourceTree = "<group>";
			versionGroupType = wrapper.xcdatamodel;
		};
/* End XCVersionGroup section */
	};
	rootObject = F6D806F423ECB17500C53355 /* Project object */;
}
